
Microsoft Visual Studio Solution File, Format Version 12.00
# Visual Studio Version 17
VisualStudioVersion = 17.5.33402.96
MinimumVisualStudioVersion = 10.0.40219.1
Project("{FAE04EC0-301F-11D3-BF4B-00C04F79EFBC}") = "Sale.Shared", "Sale.Shared\Sale.Shared.csproj", "{74A02A55-7C24-42BD-9238-F23948FE7BF3}"
EndProject
Project("{FAE04EC0-301F-11D3-BF4B-00C04F79EFBC}") = "Sale.Api", "Sale.Api\Sale.Api.csproj", "{831EAA96-9F19-47B9-9558-B1114594904D}"
EndProject
Project("{FAE04EC0-301F-11D3-BF4B-00C04F79EFBC}") = "Sale.WEB", "Sale.WEB\Sale.WEB.csproj", "{9C7910AE-7DEC-482D-96DA-7045EA0663F2}"
EndProject
Project("{FAE04EC0-301F-11D3-BF4B-00C04F79EFBC}") = "Sale.Mobile", "Sale.Mobile\Sale.Mobile.csproj", "{A55A67C7-450D-47C0-B8F6-14F0CE4D0085}"
EndProject
Global
	GlobalSection(SolutionConfigurationPlatforms) = preSolution
		Debug|Any CPU = Debug|Any CPU
		Release|Any CPU = Release|Any CPU
	EndGlobalSection
	GlobalSection(ProjectConfigurationPlatforms) = postSolution
		{74A02A55-7C24-42BD-9238-F23948FE7BF3}.Debug|Any CPU.ActiveCfg = Debug|Any CPU
		{74A02A55-7C24-42BD-9238-F23948FE7BF3}.Debug|Any CPU.Build.0 = Debug|Any CPU
		{74A02A55-7C24-42BD-9238-F23948FE7BF3}.Release|Any CPU.ActiveCfg = Release|Any CPU
		{74A02A55-7C24-42BD-9238-F23948FE7BF3}.Release|Any CPU.Build.0 = Release|Any CPU
		{831EAA96-9F19-47B9-9558-B1114594904D}.Debug|Any CPU.ActiveCfg = Debug|Any CPU
		{831EAA96-9F19-47B9-9558-B1114594904D}.Debug|Any CPU.Build.0 = Debug|Any CPU
		{831EAA96-9F19-47B9-9558-B1114594904D}.Release|Any CPU.ActiveCfg = Release|Any CPU
		{831EAA96-9F19-47B9-9558-B1114594904D}.Release|Any CPU.Build.0 = Release|Any CPU
		{9C7910AE-7DEC-482D-96DA-7045EA0663F2}.Debug|Any CPU.ActiveCfg = Debug|Any CPU
		{9C7910AE-7DEC-482D-96DA-7045EA0663F2}.Debug|Any CPU.Build.0 = Debug|Any CPU
		{9C7910AE-7DEC-482D-96DA-7045EA0663F2}.Release|Any CPU.ActiveCfg = Release|Any CPU
		{9C7910AE-7DEC-482D-96DA-7045EA0663F2}.Release|Any CPU.Build.0 = Release|Any CPU
		{A55A67C7-450D-47C0-B8F6-14F0CE4D0085}.Debug|Any CPU.ActiveCfg = Debug|Any CPU
		{A55A67C7-450D-47C0-B8F6-14F0CE4D0085}.Debug|Any CPU.Build.0 = Debug|Any CPU
		{A55A67C7-450D-47C0-B8F6-14F0CE4D0085}.Debug|Any CPU.Deploy.0 = Debug|Any CPU
		{A55A67C7-450D-47C0-B8F6-14F0CE4D0085}.Release|Any CPU.ActiveCfg = Release|Any CPU
		{A55A67C7-450D-47C0-B8F6-14F0CE4D0085}.Release|Any CPU.Build.0 = Release|Any CPU
		{A55A67C7-450D-47C0-B8F6-14F0CE4D0085}.Release|Any CPU.Deploy.0 = Release|Any CPU
	EndGlobalSection
	GlobalSection(SolutionProperties) = preSolution
		HideSolutionNode = FALSE
	EndGlobalSection
	GlobalSection(ExtensibilityGlobals) = postSolution
		SolutionGuid = {EDCB00BF-185F-4C3D-8467-469B4D709A7B}
	EndGlobalSection
EndGlobal
